// !$*UTF8*$!
{
	archiveVersion = 1;
	classes = {
	};
	objectVersion = 46;
	objects = {

/* Begin PBXBuildFile section */
		1F99C4C21E3257CF00CCFD75 /* main.m in Sources */ = {isa = PBXBuildFile; fileRef = 1F99C4C11E3257CF00CCFD75 /* main.m */; };
		1F99C4C51E3257CF00CCFD75 /* AppDelegate.m in Sources */ = {isa = PBXBuildFile; fileRef = 1F99C4C41E3257CF00CCFD75 /* AppDelegate.m */; };
		1F99C4CD1E3257CF00CCFD75 /* Assets.xcassets in Resources */ = {isa = PBXBuildFile; fileRef = 1F99C4CC1E3257CF00CCFD75 /* Assets.xcassets */; };
		1F99C4DB1E3257CF00CCFD75 /* _____Tests.m in Sources */ = {isa = PBXBuildFile; fileRef = 1F99C4DA1E3257CF00CCFD75 /* _____Tests.m */; };
		1F99C4E61E3257CF00CCFD75 /* _____UITests.m in Sources */ = {isa = PBXBuildFile; fileRef = 1F99C4E51E3257CF00CCFD75 /* _____UITests.m */; };
		1F9CB9231E333F89006E75CE /* ZHGTabBarController.m in Sources */ = {isa = PBXBuildFile; fileRef = 1F9CB91D1E333F89006E75CE /* ZHGTabBarController.m */; };
		1F9CB92D1E3344CA006E75CE /* ZHGTabBar.m in Sources */ = {isa = PBXBuildFile; fileRef = 1F9CB92C1E3344CA006E75CE /* ZHGTabBar.m */; };
		1F9CB9311E3350C2006E75CE /* UIView+ZHGViewCategory.m in Sources */ = {isa = PBXBuildFile; fileRef = 1F9CB9301E3350C2006E75CE /* UIView+ZHGViewCategory.m */; };
		1F9CB9361E3365E8006E75CE /* UIBarButtonItem+ZHGBarButtonItem.m in Sources */ = {isa = PBXBuildFile; fileRef = 1F9CB9351E3365E8006E75CE /* UIBarButtonItem+ZHGBarButtonItem.m */; };
		1F9CB9501E336DEA006E75CE /* ZHGEssenceController.m in Sources */ = {isa = PBXBuildFile; fileRef = 1F9CB94F1E336DEA006E75CE /* ZHGEssenceController.m */; };
		1F9CB9531E336E0D006E75CE /* ZHGNewController.m in Sources */ = {isa = PBXBuildFile; fileRef = 1F9CB9521E336E0D006E75CE /* ZHGNewController.m */; };
		1F9CB9561E336E18006E75CE /* ZHGTrendController.m in Sources */ = {isa = PBXBuildFile; fileRef = 1F9CB9551E336E18006E75CE /* ZHGTrendController.m */; };
		1F9CB95B1E336E2B006E75CE /* ZHGMeController.m in Sources */ = {isa = PBXBuildFile; fileRef = 1F9CB9581E336E2B006E75CE /* ZHGMeController.m */; };
		1F9CB95F1E337C65006E75CE /* ZHGNavigationVC.m in Sources */ = {isa = PBXBuildFile; fileRef = 1F9CB95E1E337C65006E75CE /* ZHGNavigationVC.m */; };
/* End PBXBuildFile section */

/* Begin PBXContainerItemProxy section */
		1F99C4D71E3257CF00CCFD75 /* PBXContainerItemProxy */ = {
			isa = PBXContainerItemProxy;
			containerPortal = 1F99C4B51E3257CF00CCFD75 /* Project object */;
			proxyType = 1;
			remoteGlobalIDString = 1F99C4BC1E3257CF00CCFD75;
			remoteInfo = "百思不得姐";
		};
		1F99C4E21E3257CF00CCFD75 /* PBXContainerItemProxy */ = {
			isa = PBXContainerItemProxy;
			containerPortal = 1F99C4B51E3257CF00CCFD75 /* Project object */;
			proxyType = 1;
			remoteGlobalIDString = 1F99C4BC1E3257CF00CCFD75;
			remoteInfo = "百思不得姐";
		};
/* End PBXContainerItemProxy section */

/* Begin PBXFileReference section */
		1F99C4BD1E3257CF00CCFD75 /* 百思不得姐.app */ = {isa = PBXFileReference; explicitFileType = wrapper.application; includeInIndex = 0; path = "百思不得姐.app"; sourceTree = BUILT_PRODUCTS_DIR; };
		1F99C4C11E3257CF00CCFD75 /* main.m */ = {isa = PBXFileReference; lastKnownFileType = sourcecode.c.objc; path = main.m; sourceTree = "<group>"; };
		1F99C4C31E3257CF00CCFD75 /* AppDelegate.h */ = {isa = PBXFileReference; lastKnownFileType = sourcecode.c.h; path = AppDelegate.h; sourceTree = "<group>"; };
		1F99C4C41E3257CF00CCFD75 /* AppDelegate.m */ = {isa = PBXFileReference; lastKnownFileType = sourcecode.c.objc; path = AppDelegate.m; sourceTree = "<group>"; };
		1F99C4CC1E3257CF00CCFD75 /* Assets.xcassets */ = {isa = PBXFileReference; lastKnownFileType = folder.assetcatalog; path = Assets.xcassets; sourceTree = "<group>"; };
		1F99C4D11E3257CF00CCFD75 /* Info.plist */ = {isa = PBXFileReference; lastKnownFileType = text.plist.xml; path = Info.plist; sourceTree = "<group>"; };
		1F99C4D61E3257CF00CCFD75 /* 百思不得姐Tests.xctest */ = {isa = PBXFileReference; explicitFileType = wrapper.cfbundle; includeInIndex = 0; path = "百思不得姐Tests.xctest"; sourceTree = BUILT_PRODUCTS_DIR; };
		1F99C4DA1E3257CF00CCFD75 /* _____Tests.m */ = {isa = PBXFileReference; lastKnownFileType = sourcecode.c.objc; path = "_____Tests.m"; sourceTree = "<group>"; };
		1F99C4DC1E3257CF00CCFD75 /* Info.plist */ = {isa = PBXFileReference; lastKnownFileType = text.plist.xml; path = Info.plist; sourceTree = "<group>"; };
		1F99C4E11E3257CF00CCFD75 /* 百思不得姐UITests.xctest */ = {isa = PBXFileReference; explicitFileType = wrapper.cfbundle; includeInIndex = 0; path = "百思不得姐UITests.xctest"; sourceTree = BUILT_PRODUCTS_DIR; };
		1F99C4E51E3257CF00CCFD75 /* _____UITests.m */ = {isa = PBXFileReference; lastKnownFileType = sourcecode.c.objc; path = "_____UITests.m"; sourceTree = "<group>"; };
		1F99C4E71E3257CF00CCFD75 /* Info.plist */ = {isa = PBXFileReference; lastKnownFileType = text.plist.xml; path = Info.plist; sourceTree = "<group>"; };
		1F9CB91C1E333F89006E75CE /* ZHGTabBarController.h */ = {isa = PBXFileReference; fileEncoding = 4; lastKnownFileType = sourcecode.c.h; path = ZHGTabBarController.h; sourceTree = "<group>"; };
		1F9CB91D1E333F89006E75CE /* ZHGTabBarController.m */ = {isa = PBXFileReference; fileEncoding = 4; lastKnownFileType = sourcecode.c.objc; path = ZHGTabBarController.m; sourceTree = "<group>"; };
		1F9CB92B1E3344CA006E75CE /* ZHGTabBar.h */ = {isa = PBXFileReference; fileEncoding = 4; lastKnownFileType = sourcecode.c.h; path = ZHGTabBar.h; sourceTree = "<group>"; };
		1F9CB92C1E3344CA006E75CE /* ZHGTabBar.m */ = {isa = PBXFileReference; fileEncoding = 4; lastKnownFileType = sourcecode.c.objc; path = ZHGTabBar.m; sourceTree = "<group>"; };
		1F9CB92F1E3350C2006E75CE /* UIView+ZHGViewCategory.h */ = {isa = PBXFileReference; fileEncoding = 4; lastKnownFileType = sourcecode.c.h; path = "UIView+ZHGViewCategory.h"; sourceTree = "<group>"; };
		1F9CB9301E3350C2006E75CE /* UIView+ZHGViewCategory.m */ = {isa = PBXFileReference; fileEncoding = 4; lastKnownFileType = sourcecode.c.objc; path = "UIView+ZHGViewCategory.m"; sourceTree = "<group>"; };
		1F9CB9331E33529D006E75CE /* PrefixHeader.pch */ = {isa = PBXFileReference; lastKnownFileType = sourcecode.c.h; path = PrefixHeader.pch; sourceTree = "<group>"; };
		1F9CB9341E3365E8006E75CE /* UIBarButtonItem+ZHGBarButtonItem.h */ = {isa = PBXFileReference; fileEncoding = 4; lastKnownFileType = sourcecode.c.h; path = "UIBarButtonItem+ZHGBarButtonItem.h"; sourceTree = "<group>"; };
		1F9CB9351E3365E8006E75CE /* UIBarButtonItem+ZHGBarButtonItem.m */ = {isa = PBXFileReference; fileEncoding = 4; lastKnownFileType = sourcecode.c.objc; path = "UIBarButtonItem+ZHGBarButtonItem.m"; sourceTree = "<group>"; };
		1F9CB94E1E336DEA006E75CE /* ZHGEssenceController.h */ = {isa = PBXFileReference; fileEncoding = 4; lastKnownFileType = sourcecode.c.h; path = ZHGEssenceController.h; sourceTree = "<group>"; };
		1F9CB94F1E336DEA006E75CE /* ZHGEssenceController.m */ = {isa = PBXFileReference; fileEncoding = 4; lastKnownFileType = sourcecode.c.objc; path = ZHGEssenceController.m; sourceTree = "<group>"; };
		1F9CB9511E336E0D006E75CE /* ZHGNewController.h */ = {isa = PBXFileReference; fileEncoding = 4; lastKnownFileType = sourcecode.c.h; path = ZHGNewController.h; sourceTree = "<group>"; };
		1F9CB9521E336E0D006E75CE /* ZHGNewController.m */ = {isa = PBXFileReference; fileEncoding = 4; lastKnownFileType = sourcecode.c.objc; path = ZHGNewController.m; sourceTree = "<group>"; };
		1F9CB9541E336E18006E75CE /* ZHGTrendController.h */ = {isa = PBXFileReference; fileEncoding = 4; lastKnownFileType = sourcecode.c.h; path = ZHGTrendController.h; sourceTree = "<group>"; };
		1F9CB9551E336E18006E75CE /* ZHGTrendController.m */ = {isa = PBXFileReference; fileEncoding = 4; lastKnownFileType = sourcecode.c.objc; path = ZHGTrendController.m; sourceTree = "<group>"; };
		1F9CB9571E336E2B006E75CE /* ZHGMeController.h */ = {isa = PBXFileReference; fileEncoding = 4; lastKnownFileType = sourcecode.c.h; path = ZHGMeController.h; sourceTree = "<group>"; };
		1F9CB9581E336E2B006E75CE /* ZHGMeController.m */ = {isa = PBXFileReference; fileEncoding = 4; lastKnownFileType = sourcecode.c.objc; path = ZHGMeController.m; sourceTree = "<group>"; };
		1F9CB95D1E337C65006E75CE /* ZHGNavigationVC.h */ = {isa = PBXFileReference; fileEncoding = 4; lastKnownFileType = sourcecode.c.h; path = ZHGNavigationVC.h; sourceTree = "<group>"; };
		1F9CB95E1E337C65006E75CE /* ZHGNavigationVC.m */ = {isa = PBXFileReference; fileEncoding = 4; lastKnownFileType = sourcecode.c.objc; path = ZHGNavigationVC.m; sourceTree = "<group>"; };
/* End PBXFileReference section */

/* Begin PBXFrameworksBuildPhase section */
		1F99C4BA1E3257CF00CCFD75 /* Frameworks */ = {
			isa = PBXFrameworksBuildPhase;
			buildActionMask = 2147483647;
			files = (
			);
			runOnlyForDeploymentPostprocessing = 0;
		};
		1F99C4D31E3257CF00CCFD75 /* Frameworks */ = {
			isa = PBXFrameworksBuildPhase;
			buildActionMask = 2147483647;
			files = (
			);
			runOnlyForDeploymentPostprocessing = 0;
		};
		1F99C4DE1E3257CF00CCFD75 /* Frameworks */ = {
			isa = PBXFrameworksBuildPhase;
			buildActionMask = 2147483647;
			files = (
			);
			runOnlyForDeploymentPostprocessing = 0;
		};
/* End PBXFrameworksBuildPhase section */

/* Begin PBXGroup section */
		1F99C4B41E3257CF00CCFD75 = {
			isa = PBXGroup;
			children = (
				1F99C4BF1E3257CF00CCFD75 /* 百思不得姐 */,
				1F99C4D91E3257CF00CCFD75 /* 百思不得姐Tests */,
				1F99C4E41E3257CF00CCFD75 /* 百思不得姐UITests */,
				1F99C4BE1E3257CF00CCFD75 /* Products */,
			);
			sourceTree = "<group>";
		};
		1F99C4BE1E3257CF00CCFD75 /* Products */ = {
			isa = PBXGroup;
			children = (
				1F99C4BD1E3257CF00CCFD75 /* 百思不得姐.app */,
				1F99C4D61E3257CF00CCFD75 /* 百思不得姐Tests.xctest */,
				1F99C4E11E3257CF00CCFD75 /* 百思不得姐UITests.xctest */,
			);
			name = Products;
			sourceTree = "<group>";
		};
		1F99C4BF1E3257CF00CCFD75 /* 百思不得姐 */ = {
			isa = PBXGroup;
			children = (
				1F9CB9371E336B5E006E75CE /* Classes */,
				1F9CB9321E3351E3006E75CE /* PublicClass */,
				1F9CB92E1E335074006E75CE /* UIViewCategory */,
				1F9CB9151E333F13006E75CE /* TabBarController */,
				1F99C4C31E3257CF00CCFD75 /* AppDelegate.h */,
				1F99C4C41E3257CF00CCFD75 /* AppDelegate.m */,
				1F99C4CC1E3257CF00CCFD75 /* Assets.xcassets */,
				1F99C4D11E3257CF00CCFD75 /* Info.plist */,
				1F99C4C01E3257CF00CCFD75 /* Supporting Files */,
			);
			path = "百思不得姐";
			sourceTree = "<group>";
		};
		1F99C4C01E3257CF00CCFD75 /* Supporting Files */ = {
			isa = PBXGroup;
			children = (
				1F99C4C11E3257CF00CCFD75 /* main.m */,
			);
			name = "Supporting Files";
			sourceTree = "<group>";
		};
		1F99C4D91E3257CF00CCFD75 /* 百思不得姐Tests */ = {
			isa = PBXGroup;
			children = (
				1F99C4DA1E3257CF00CCFD75 /* _____Tests.m */,
				1F99C4DC1E3257CF00CCFD75 /* Info.plist */,
			);
			path = "百思不得姐Tests";
			sourceTree = "<group>";
		};
		1F99C4E41E3257CF00CCFD75 /* 百思不得姐UITests */ = {
			isa = PBXGroup;
			children = (
				1F99C4E51E3257CF00CCFD75 /* _____UITests.m */,
				1F99C4E71E3257CF00CCFD75 /* Info.plist */,
			);
			path = "百思不得姐UITests";
			sourceTree = "<group>";
		};
		1F9CB9151E333F13006E75CE /* TabBarController */ = {
			isa = PBXGroup;
			children = (
				1F9CB91C1E333F89006E75CE /* ZHGTabBarController.h */,
				1F9CB91D1E333F89006E75CE /* ZHGTabBarController.m */,
				1F9CB92B1E3344CA006E75CE /* ZHGTabBar.h */,
				1F9CB92C1E3344CA006E75CE /* ZHGTabBar.m */,
				1F9CB95D1E337C65006E75CE /* ZHGNavigationVC.h */,
				1F9CB95E1E337C65006E75CE /* ZHGNavigationVC.m */,
			);
			path = TabBarController;
			sourceTree = "<group>";
		};
		1F9CB92E1E335074006E75CE /* UIViewCategory */ = {
			isa = PBXGroup;
			children = (
				1F9CB92F1E3350C2006E75CE /* UIView+ZHGViewCategory.h */,
				1F9CB9301E3350C2006E75CE /* UIView+ZHGViewCategory.m */,
				1F9CB9341E3365E8006E75CE /* UIBarButtonItem+ZHGBarButtonItem.h */,
				1F9CB9351E3365E8006E75CE /* UIBarButtonItem+ZHGBarButtonItem.m */,
			);
			path = UIViewCategory;
			sourceTree = "<group>";
		};
		1F9CB9321E3351E3006E75CE /* PublicClass */ = {
			isa = PBXGroup;
			children = (
				1F9CB9331E33529D006E75CE /* PrefixHeader.pch */,
			);
			path = PublicClass;
			sourceTree = "<group>";
		};
		1F9CB9371E336B5E006E75CE /* Classes */ = {
			isa = PBXGroup;
			children = (
				1F9CB9381E336B88006E75CE /* Essence */,
				1F9CB9391E336BD0006E75CE /* NewPost */,
				1F9CB93A1E336C34006E75CE /* Trend */,
				1F9CB93B1E336C45006E75CE /* MyPage */,
			);
			path = Classes;
			sourceTree = "<group>";
		};
		1F9CB9381E336B88006E75CE /* Essence */ = {
			isa = PBXGroup;
			children = (
				1F9CB93C1E336CD3006E75CE /* Controller */,
				1F9CB93D1E336CF2006E75CE /* View */,
				1F9CB93F1E336D0D006E75CE /* Cell */,
				1F9CB93E1E336D00006E75CE /* Model */,
			);
			path = Essence;
			sourceTree = "<group>";
		};
		1F9CB9391E336BD0006E75CE /* NewPost */ = {
			isa = PBXGroup;
			children = (
				1F9CB9441E336D7D006E75CE /* Controller */,
				1F9CB9431E336D76006E75CE /* View */,
				1F9CB9421E336D69006E75CE /* Cell */,
				1F9CB9401E336D58006E75CE /* Model */,
			);
			path = NewPost;
			sourceTree = "<group>";
		};
		1F9CB93A1E336C34006E75CE /* Trend */ = {
			isa = PBXGroup;
			children = (
				1F9CB9491E336D9C006E75CE /* Controller */,
				1F9CB9481E336D9A006E75CE /* View */,
				1F9CB9461E336D91006E75CE /* Cell */,
				1F9CB9451E336D89006E75CE /* Model */,
			);
			path = Trend;
			sourceTree = "<group>";
		};
		1F9CB93B1E336C45006E75CE /* MyPage */ = {
			isa = PBXGroup;
			children = (
				1F9CB94D1E336DA9006E75CE /* Cotroller */,
				1F9CB94C1E336DA7006E75CE /* View */,
				1F9CB94B1E336DA5006E75CE /* Cell */,
				1F9CB94A1E336DA3006E75CE /* Model */,
			);
			path = MyPage;
			sourceTree = "<group>";
		};
		1F9CB93C1E336CD3006E75CE /* Controller */ = {
			isa = PBXGroup;
			children = (
				1F9CB94E1E336DEA006E75CE /* ZHGEssenceController.h */,
				1F9CB94F1E336DEA006E75CE /* ZHGEssenceController.m */,
			);
			name = Controller;
			sourceTree = "<group>";
		};
		1F9CB93D1E336CF2006E75CE /* View */ = {
			isa = PBXGroup;
			children = (
			);
			name = View;
			sourceTree = "<group>";
		};
		1F9CB93E1E336D00006E75CE /* Model */ = {
			isa = PBXGroup;
			children = (
			);
			name = Model;
			sourceTree = "<group>";
		};
		1F9CB93F1E336D0D006E75CE /* Cell */ = {
			isa = PBXGroup;
			children = (
			);
			name = Cell;
			sourceTree = "<group>";
		};
		1F9CB9401E336D58006E75CE /* Model */ = {
			isa = PBXGroup;
			children = (
			);
			name = Model;
			sourceTree = "<group>";
		};
		1F9CB9421E336D69006E75CE /* Cell */ = {
			isa = PBXGroup;
			children = (
			);
			name = Cell;
			sourceTree = "<group>";
		};
		1F9CB9431E336D76006E75CE /* View */ = {
			isa = PBXGroup;
			children = (
			);
			name = View;
			sourceTree = "<group>";
		};
		1F9CB9441E336D7D006E75CE /* Controller */ = {
			isa = PBXGroup;
			children = (
				1F9CB9511E336E0D006E75CE /* ZHGNewController.h */,
				1F9CB9521E336E0D006E75CE /* ZHGNewController.m */,
			);
			name = Controller;
			sourceTree = "<group>";
		};
		1F9CB9451E336D89006E75CE /* Model */ = {
			isa = PBXGroup;
			children = (
			);
			name = Model;
			sourceTree = "<group>";
		};
		1F9CB9461E336D91006E75CE /* Cell */ = {
			isa = PBXGroup;
			children = (
			);
			name = Cell;
			sourceTree = "<group>";
		};
		1F9CB9481E336D9A006E75CE /* View */ = {
			isa = PBXGroup;
			children = (
			);
			name = View;
			sourceTree = "<group>";
		};
		1F9CB9491E336D9C006E75CE /* Controller */ = {
			isa = PBXGroup;
			children = (
				1F9CB9541E336E18006E75CE /* ZHGTrendController.h */,
				1F9CB9551E336E18006E75CE /* ZHGTrendController.m */,
			);
			name = Controller;
			sourceTree = "<group>";
		};
		1F9CB94A1E336DA3006E75CE /* Model */ = {
			isa = PBXGroup;
			children = (
			);
			name = Model;
			sourceTree = "<group>";
		};
		1F9CB94B1E336DA5006E75CE /* Cell */ = {
			isa = PBXGroup;
			children = (
			);
			name = Cell;
			sourceTree = "<group>";
		};
		1F9CB94C1E336DA7006E75CE /* View */ = {
			isa = PBXGroup;
			children = (
			);
			name = View;
			sourceTree = "<group>";
		};
		1F9CB94D1E336DA9006E75CE /* Cotroller */ = {
			isa = PBXGroup;
			children = (
				1F9CB9571E336E2B006E75CE /* ZHGMeController.h */,
				1F9CB9581E336E2B006E75CE /* ZHGMeController.m */,
			);
			name = Cotroller;
			sourceTree = "<group>";
		};
/* End PBXGroup section */

/* Begin PBXNativeTarget section */
		1F99C4BC1E3257CF00CCFD75 /* 百思不得姐 */ = {
			isa = PBXNativeTarget;
			buildConfigurationList = 1F99C4EA1E3257CF00CCFD75 /* Build configuration list for PBXNativeTarget "百思不得姐" */;
			buildPhases = (
				1F99C4B91E3257CF00CCFD75 /* Sources */,
				1F99C4BA1E3257CF00CCFD75 /* Frameworks */,
				1F99C4BB1E3257CF00CCFD75 /* Resources */,
			);
			buildRules = (
			);
			dependencies = (
			);
			name = "百思不得姐";
			productName = "百思不得姐";
			productReference = 1F99C4BD1E3257CF00CCFD75 /* 百思不得姐.app */;
			productType = "com.apple.product-type.application";
		};
		1F99C4D51E3257CF00CCFD75 /* 百思不得姐Tests */ = {
			isa = PBXNativeTarget;
			buildConfigurationList = 1F99C4ED1E3257CF00CCFD75 /* Build configuration list for PBXNativeTarget "百思不得姐Tests" */;
			buildPhases = (
				1F99C4D21E3257CF00CCFD75 /* Sources */,
				1F99C4D31E3257CF00CCFD75 /* Frameworks */,
				1F99C4D41E3257CF00CCFD75 /* Resources */,
			);
			buildRules = (
			);
			dependencies = (
				1F99C4D81E3257CF00CCFD75 /* PBXTargetDependency */,
			);
			name = "百思不得姐Tests";
			productName = "百思不得姐Tests";
			productReference = 1F99C4D61E3257CF00CCFD75 /* 百思不得姐Tests.xctest */;
			productType = "com.apple.product-type.bundle.unit-test";
		};
		1F99C4E01E3257CF00CCFD75 /* 百思不得姐UITests */ = {
			isa = PBXNativeTarget;
			buildConfigurationList = 1F99C4F01E3257CF00CCFD75 /* Build configuration list for PBXNativeTarget "百思不得姐UITests" */;
			buildPhases = (
				1F99C4DD1E3257CF00CCFD75 /* Sources */,
				1F99C4DE1E3257CF00CCFD75 /* Frameworks */,
				1F99C4DF1E3257CF00CCFD75 /* Resources */,
			);
			buildRules = (
			);
			dependencies = (
				1F99C4E31E3257CF00CCFD75 /* PBXTargetDependency */,
			);
			name = "百思不得姐UITests";
			productName = "百思不得姐UITests";
			productReference = 1F99C4E11E3257CF00CCFD75 /* 百思不得姐UITests.xctest */;
			productType = "com.apple.product-type.bundle.ui-testing";
		};
/* End PBXNativeTarget section */

/* Begin PBXProject section */
		1F99C4B51E3257CF00CCFD75 /* Project object */ = {
			isa = PBXProject;
			attributes = {
				CLASSPREFIX = ZHG;
				LastUpgradeCheck = 0820;
				ORGANIZATIONNAME = "王忠光";
				TargetAttributes = {
					1F99C4BC1E3257CF00CCFD75 = {
						CreatedOnToolsVersion = 8.2.1;
						DevelopmentTeam = 9N6P88TN8F;
						ProvisioningStyle = Automatic;
					};
					1F99C4D51E3257CF00CCFD75 = {
						CreatedOnToolsVersion = 8.2.1;
						ProvisioningStyle = Automatic;
						TestTargetID = 1F99C4BC1E3257CF00CCFD75;
					};
					1F99C4E01E3257CF00CCFD75 = {
						CreatedOnToolsVersion = 8.2.1;
						ProvisioningStyle = Automatic;
						TestTargetID = 1F99C4BC1E3257CF00CCFD75;
					};
				};
			};
			buildConfigurationList = 1F99C4B81E3257CF00CCFD75 /* Build configuration list for PBXProject "百思不得姐" */;
			compatibilityVersion = "Xcode 3.2";
			developmentRegion = English;
			hasScannedForEncodings = 0;
			knownRegions = (
				en,
				Base,
			);
			mainGroup = 1F99C4B41E3257CF00CCFD75;
			productRefGroup = 1F99C4BE1E3257CF00CCFD75 /* Products */;
			projectDirPath = "";
			projectRoot = "";
			targets = (
				1F99C4BC1E3257CF00CCFD75 /* 百思不得姐 */,
				1F99C4D51E3257CF00CCFD75 /* 百思不得姐Tests */,
				1F99C4E01E3257CF00CCFD75 /* 百思不得姐UITests */,
			);
		};
/* End PBXProject section */

/* Begin PBXResourcesBuildPhase section */
		1F99C4BB1E3257CF00CCFD75 /* Resources */ = {
			isa = PBXResourcesBuildPhase;
			buildActionMask = 2147483647;
			files = (
				1F99C4CD1E3257CF00CCFD75 /* Assets.xcassets in Resources */,
			);
			runOnlyForDeploymentPostprocessing = 0;
		};
		1F99C4D41E3257CF00CCFD75 /* Resources */ = {
			isa = PBXResourcesBuildPhase;
			buildActionMask = 2147483647;
			files = (
			);
			runOnlyForDeploymentPostprocessing = 0;
		};
		1F99C4DF1E3257CF00CCFD75 /* Resources */ = {
			isa = PBXResourcesBuildPhase;
			buildActionMask = 2147483647;
			files = (
			);
			runOnlyForDeploymentPostprocessing = 0;
		};
/* End PBXResourcesBuildPhase section */

/* Begin PBXSourcesBuildPhase section */
		1F99C4B91E3257CF00CCFD75 /* Sources */ = {
			isa = PBXSourcesBuildPhase;
			buildActionMask = 2147483647;
			files = (
				1F9CB9561E336E18006E75CE /* ZHGTrendController.m in Sources */,
				1F9CB9531E336E0D006E75CE /* ZHGNewController.m in Sources */,
				1F99C4C51E3257CF00CCFD75 /* AppDelegate.m in Sources */,
				1F9CB9231E333F89006E75CE /* ZHGTabBarController.m in Sources */,
				1F9CB95F1E337C65006E75CE /* ZHGNavigationVC.m in Sources */,
				1F9CB92D1E3344CA006E75CE /* ZHGTabBar.m in Sources */,
				1F99C4C21E3257CF00CCFD75 /* main.m in Sources */,
				1F9CB9311E3350C2006E75CE /* UIView+ZHGViewCategory.m in Sources */,
				1F9CB95B1E336E2B006E75CE /* ZHGMeController.m in Sources */,
				1F9CB9361E3365E8006E75CE /* UIBarButtonItem+ZHGBarButtonItem.m in Sources */,
				1F9CB9501E336DEA006E75CE /* ZHGEssenceController.m in Sources */,
			);
			runOnlyForDeploymentPostprocessing = 0;
		};
		1F99C4D21E3257CF00CCFD75 /* Sources */ = {
			isa = PBXSourcesBuildPhase;
			buildActionMask = 2147483647;
			files = (
				1F99C4DB1E3257CF00CCFD75 /* _____Tests.m in Sources */,
			);
			runOnlyForDeploymentPostprocessing = 0;
		};
		1F99C4DD1E3257CF00CCFD75 /* Sources */ = {
			isa = PBXSourcesBuildPhase;
			buildActionMask = 2147483647;
			files = (
				1F99C4E61E3257CF00CCFD75 /* _____UITests.m in Sources */,
			);
			runOnlyForDeploymentPostprocessing = 0;
		};
/* End PBXSourcesBuildPhase section */

/* Begin PBXTargetDependency section */
		1F99C4D81E3257CF00CCFD75 /* PBXTargetDependency */ = {
			isa = PBXTargetDependency;
			target = 1F99C4BC1E3257CF00CCFD75 /* 百思不得姐 */;
			targetProxy = 1F99C4D71E3257CF00CCFD75 /* PBXContainerItemProxy */;
		};
		1F99C4E31E3257CF00CCFD75 /* PBXTargetDependency */ = {
			isa = PBXTargetDependency;
			target = 1F99C4BC1E3257CF00CCFD75 /* 百思不得姐 */;
			targetProxy = 1F99C4E21E3257CF00CCFD75 /* PBXContainerItemProxy */;
		};
/* End PBXTargetDependency section */

/* Begin XCBuildConfiguration section */
		1F99C4E81E3257CF00CCFD75 /* Debug */ = {
			isa = XCBuildConfiguration;
			buildSettings = {
				ALWAYS_SEARCH_USER_PATHS = NO;
				CLANG_ANALYZER_NONNULL = YES;
				CLANG_CXX_LANGUAGE_STANDARD = "gnu++0x";
				CLANG_CXX_LIBRARY = "libc++";
				CLANG_ENABLE_MODULES = YES;
				CLANG_ENABLE_OBJC_ARC = YES;
				CLANG_WARN_BOOL_CONVERSION = YES;
				CLANG_WARN_CONSTANT_CONVERSION = YES;
				CLANG_WARN_DIRECT_OBJC_ISA_USAGE = YES_ERROR;
				CLANG_WARN_DOCUMENTATION_COMMENTS = YES;
				CLANG_WARN_EMPTY_BODY = YES;
				CLANG_WARN_ENUM_CONVERSION = YES;
				CLANG_WARN_INFINITE_RECURSION = YES;
				CLANG_WARN_INT_CONVERSION = YES;
				CLANG_WARN_OBJC_ROOT_CLASS = YES_ERROR;
				CLANG_WARN_SUSPICIOUS_MOVE = YES;
				CLANG_WARN_UNREACHABLE_CODE = YES;
				CLANG_WARN__DUPLICATE_METHOD_MATCH = YES;
				"CODE_SIGN_IDENTITY[sdk=iphoneos*]" = "iPhone Developer";
				COPY_PHASE_STRIP = NO;
				DEBUG_INFORMATION_FORMAT = dwarf;
				ENABLE_STRICT_OBJC_MSGSEND = YES;
				ENABLE_TESTABILITY = YES;
				GCC_C_LANGUAGE_STANDARD = gnu99;
				GCC_DYNAMIC_NO_PIC = NO;
				GCC_NO_COMMON_BLOCKS = YES;
				GCC_OPTIMIZATION_LEVEL = 0;
				GCC_PREPROCESSOR_DEFINITIONS = (
					"DEBUG=1",
					"$(inherited)",
				);
				GCC_WARN_64_TO_32_BIT_CONVERSION = YES;
				GCC_WARN_ABOUT_RETURN_TYPE = YES_ERROR;
				GCC_WARN_UNDECLARED_SELECTOR = YES;
				GCC_WARN_UNINITIALIZED_AUTOS = YES_AGGRESSIVE;
				GCC_WARN_UNUSED_FUNCTION = YES;
				GCC_WARN_UNUSED_VARIABLE = YES;
				IPHONEOS_DEPLOYMENT_TARGET = 10.2;
				MTL_ENABLE_DEBUG_INFO = YES;
				ONLY_ACTIVE_ARCH = YES;
				SDKROOT = iphoneos;
				TARGETED_DEVICE_FAMILY = "1,2";
			};
			name = Debug;
		};
		1F99C4E91E3257CF00CCFD75 /* Release */ = {
			isa = XCBuildConfiguration;
			buildSettings = {
				ALWAYS_SEARCH_USER_PATHS = NO;
				CLANG_ANALYZER_NONNULL = YES;
				CLANG_CXX_LANGUAGE_STANDARD = "gnu++0x";
				CLANG_CXX_LIBRARY = "libc++";
				CLANG_ENABLE_MODULES = YES;
				CLANG_ENABLE_OBJC_ARC = YES;
				CLANG_WARN_BOOL_CONVERSION = YES;
				CLANG_WARN_CONSTANT_CONVERSION = YES;
				CLANG_WARN_DIRECT_OBJC_ISA_USAGE = YES_ERROR;
				CLANG_WARN_DOCUMENTATION_COMMENTS = YES;
				CLANG_WARN_EMPTY_BODY = YES;
				CLANG_WARN_ENUM_CONVERSION = YES;
				CLANG_WARN_INFINITE_RECURSION = YES;
				CLANG_WARN_INT_CONVERSION = YES;
				CLANG_WARN_OBJC_ROOT_CLASS = YES_ERROR;
				CLANG_WARN_SUSPICIOUS_MOVE = YES;
				CLANG_WARN_UNREACHABLE_CODE = YES;
				CLANG_WARN__DUPLICATE_METHOD_MATCH = YES;
				"CODE_SIGN_IDENTITY[sdk=iphoneos*]" = "iPhone Developer";
				COPY_PHASE_STRIP = NO;
				DEBUG_INFORMATION_FORMAT = "dwarf-with-dsym";
				ENABLE_NS_ASSERTIONS = NO;
				ENABLE_STRICT_OBJC_MSGSEND = YES;
				GCC_C_LANGUAGE_STANDARD = gnu99;
				GCC_NO_COMMON_BLOCKS = YES;
				GCC_WARN_64_TO_32_BIT_CONVERSION = YES;
				GCC_WARN_ABOUT_RETURN_TYPE = YES_ERROR;
				GCC_WARN_UNDECLARED_SELECTOR = YES;
				GCC_WARN_UNINITIALIZED_AUTOS = YES_AGGRESSIVE;
				GCC_WARN_UNUSED_FUNCTION = YES;
				GCC_WARN_UNUSED_VARIABLE = YES;
				IPHONEOS_DEPLOYMENT_TARGET = 10.2;
				MTL_ENABLE_DEBUG_INFO = NO;
				SDKROOT = iphoneos;
				TARGETED_DEVICE_FAMILY = "1,2";
				VALIDATE_PRODUCT = YES;
			};
			name = Release;
		};
		1F99C4EB1E3257CF00CCFD75 /* Debug */ = {
			isa = XCBuildConfiguration;
			buildSettings = {
				ASSETCATALOG_COMPILER_APPICON_NAME = AppIcon;
				ASSETCATALOG_COMPILER_LAUNCHIMAGE_NAME = LaunchImage;
				DEVELOPMENT_TEAM = 9N6P88TN8F;
				GCC_PREFIX_HEADER = "百思不得姐/PublicClass/PrefixHeader.pch";
				INFOPLIST_FILE = "百思不得姐/Info.plist";
				IPHONEOS_DEPLOYMENT_TARGET = 8.0;
				LD_RUNPATH_SEARCH_PATHS = "$(inherited) @executable_path/Frameworks";
				PRODUCT_BUNDLE_IDENTIFIER = "com.zhg-wang.-----";
				PRODUCT_NAME = "$(TARGET_NAME)";
			};
			name = Debug;
		};
		1F99C4EC1E3257CF00CCFD75 /* Release */ = {
			isa = XCBuildConfiguration;
			buildSettings = {
				ASSETCATALOG_COMPILER_APPICON_NAME = AppIcon;
				ASSETCATALOG_COMPILER_LAUNCHIMAGE_NAME = LaunchImage;
				DEVELOPMENT_TEAM = 9N6P88TN8F;
				GCC_PREFIX_HEADER = "百思不得姐/PublicClass/PrefixHeader.pch";
				INFOPLIST_FILE = "百思不得姐/Info.plist";
				IPHONEOS_DEPLOYMENT_TARGET = 8.0;
				LD_RUNPATH_SEARCH_PATHS = "$(inherited) @executable_path/Frameworks";
				PRODUCT_BUNDLE_IDENTIFIER = "com.zhg-wang.-----";
				PRODUCT_NAME = "$(TARGET_NAME)";
			};
			name = Release;
		};
		1F99C4EE1E3257CF00CCFD75 /* Debug */ = {
			isa = XCBuildConfiguration;
			buildSettings = {
				BUNDLE_LOADER = "$(TEST_HOST)";
				INFOPLIST_FILE = "百思不得姐Tests/Info.plist";
				LD_RUNPATH_SEARCH_PATHS = "$(inherited) @executable_path/Frameworks @loader_path/Frameworks";
				PRODUCT_BUNDLE_IDENTIFIER = "com.zhg-wang.-----Tests";
				PRODUCT_NAME = "$(TARGET_NAME)";
				TEST_HOST = "$(BUILT_PRODUCTS_DIR)/百思不得姐.app/百思不得姐";
			};
			name = Debug;
		};
		1F99C4EF1E3257CF00CCFD75 /* Release */ = {
			isa = XCBuildConfiguration;
			buildSettings = {
				BUNDLE_LOADER = "$(TEST_HOST)";
				INFOPLIST_FILE = "百思不得姐Tests/Info.plist";
				LD_RUNPATH_SEARCH_PATHS = "$(inherited) @executable_path/Frameworks @loader_path/Frameworks";
				PRODUCT_BUNDLE_IDENTIFIER = "com.zhg-wang.-----Tests";
				PRODUCT_NAME = "$(TARGET_NAME)";
				TEST_HOST = "$(BUILT_PRODUCTS_DIR)/百思不得姐.app/百思不得姐";
			};
			name = Release;
		};
		1F99C4F11E3257CF00CCFD75 /* Debug */ = {
			isa = XCBuildConfiguration;
			buildSettings = {
				INFOPLIST_FILE = "百思不得姐UITests/Info.plist";
				LD_RUNPATH_SEARCH_PATHS = "$(inherited) @executable_path/Frameworks @loader_path/Frameworks";
				PRODUCT_BUNDLE_IDENTIFIER = "com.zhg-wang.-----UITests";
				PRODUCT_NAME = "$(TARGET_NAME)";
				TEST_TARGET_NAME = "百思不得姐";
			};
			name = Debug;
		};
		1F99C4F21E3257CF00CCFD75 /* Release */ = {
			isa = XCBuildConfiguration;
			buildSettings = {
				INFOPLIST_FILE = "百思不得姐UITests/Info.plist";
				LD_RUNPATH_SEARCH_PATHS = "$(inherited) @executable_path/Frameworks @loader_path/Frameworks";
				PRODUCT_BUNDLE_IDENTIFIER = "com.zhg-wang.-----UITests";
				PRODUCT_NAME = "$(TARGET_NAME)";
				TEST_TARGET_NAME = "百思不得姐";
			};
			name = Release;
		};
/* End XCBuildConfiguration section */

/* Begin XCConfigurationList section */
		1F99C4B81E3257CF00CCFD75 /* Build configuration list for PBXProject "百思不得姐" */ = {
			isa = XCConfigurationList;
			buildConfigurations = (
				1F99C4E81E3257CF00CCFD75 /* Debug */,
				1F99C4E91E3257CF00CCFD75 /* Release */,
			);
			defaultConfigurationIsVisible = 0;
			defaultConfigurationName = Release;
		};
		1F99C4EA1E3257CF00CCFD75 /* Build configuration list for PBXNativeTarget "百思不得姐" */ = {
			isa = XCConfigurationList;
			buildConfigurations = (
				1F99C4EB1E3257CF00CCFD75 /* Debug */,
				1F99C4EC1E3257CF00CCFD75 /* Release */,
			);
			defaultConfigurationIsVisible = 0;
			defaultConfigurationName = Release;
		};
		1F99C4ED1E3257CF00CCFD75 /* Build configuration list for PBXNativeTarget "百思不得姐Tests" */ = {
			isa = XCConfigurationList;
			buildConfigurations = (
				1F99C4EE1E3257CF00CCFD75 /* Debug */,
				1F99C4EF1E3257CF00CCFD75 /* Release */,
			);
			defaultConfigurationIsVisible = 0;
			defaultConfigurationName = Release;
		};
		1F99C4F01E3257CF00CCFD75 /* Build configuration list for PBXNativeTarget "百思不得姐UITests" */ = {
			isa = XCConfigurationList;
			buildConfigurations = (
				1F99C4F11E3257CF00CCFD75 /* Debug */,
				1F99C4F21E3257CF00CCFD75 /* Release */,
			);
			defaultConfigurationIsVisible = 0;
			defaultConfigurationName = Release;
		};
/* End XCConfigurationList section */
	};
	rootObject = 1F99C4B51E3257CF00CCFD75 /* Project object */;
}
